
Microsoft Visual Studio Solution File, Format Version 12.00
# Visual Studio Version 17
VisualStudioVersion = 17.5.002.0
MinimumVisualStudioVersion = 10.0.40219.1
Project("{9A19103F-16F7-4668-BE54-9A1E7A4F7556}") = "praktik_projekt", "praktik_projekt.csproj", "{3639B261-AD66-48CC-BF91-F3134FED6C29}"
EndProject
Global
	GlobalSection(SolutionConfigurationPlatforms) = preSolution
		Debug|Any CPU = Debug|Any CPU
		Release|Any CPU = Release|Any CPU
	EndGlobalSection
	GlobalSection(ProjectConfigurationPlatforms) = postSolution
		{3639B261-AD66-48CC-BF91-F3134FED6C29}.Debug|Any CPU.ActiveCfg = Debug|Any CPU
		{3639B261-AD66-48CC-BF91-F3134FED6C29}.Debug|Any CPU.Build.0 = Debug|Any CPU
		{3639B261-AD66-48CC-BF91-F3134FED6C29}.Release|Any CPU.ActiveCfg = Release|Any CPU
		{3639B261-AD66-48CC-BF91-F3134FED6C29}.Release|Any CPU.Build.0 = Release|Any CPU
	EndGlobalSection
	GlobalSection(SolutionProperties) = preSolution
		HideSolutionNode = FALSE
	EndGlobalSection
	GlobalSection(ExtensibilityGlobals) = postSolution
		SolutionGuid = {5B33D4B2-7034-468F-872D-B9AE1EB10AD1}
	EndGlobalSection
EndGlobal
